<?xml version="1.0" encoding="UTF-8" standalone="yes" ?>
<CodeBlocks_project_file>
	<FileVersion major="1" minor="6" />
	<Project>
		<Option title="TER" />
		<Option pch_mode="2" />
		<Option compiler="gcc" />
		<Build>
			<Target title="Debug">
				<Option output="bin/Debug/TER" prefix_auto="1" extension_auto="1" />
				<Option object_output="obj/Debug/" />
				<Option type="1" />
				<Option compiler="gcc" />
				<Compiler>
					<Add option="-std=c++11" />
					<Add option="-g" />
					<Add directory="T3D" />
				</Compiler>
				<Linker>
					<Add option="-lfreeglut -lglu32 -lopengl32 -lglew32 -lmingw32 -lSDLmain -lSDL -lSDL_image" />
				</Linker>
			</Target>
			<Target title="Release">
				<Option output="bin/Release/TER" prefix_auto="1" extension_auto="1" />
				<Option object_output="obj/Release/" />
				<Option type="1" />
				<Option compiler="gcc" />
				<Compiler>
					<Add option="-O2" />
					<Add directory="T3D" />
				</Compiler>
				<Linker>
					<Add option="-s" />
					<Add option="-lfreeglut -lglu32 -lopengl32 -lglew32 -lmingw32 -lSDLmain -lSDL -lSDL_image" />
				</Linker>
			</Target>
			<Target title="Linux">
				<Option output="bin/Linux/TER" prefix_auto="1" extension_auto="1" />
				<Option object_output="obj/Linux/" />
				<Option type="1" />
				<Option compiler="gcc" />
				<Option use_console_runner="0" />
				<Compiler>
					<Add option="-std=c++11" />
					<Add option="-g" />
					<Add directory="T3D" />
				</Compiler>
				<Linker>
					<Add option="-lglut -lGLU -lGL -lGLEW -lSDL -lSDL_image" />
				</Linker>
			</Target>
		</Build>
		<Compiler>
			<Add option="-std=c++11" />
			<Add option="-Wall" />
			<Add option="-fexceptions" />
		</Compiler>
		<Unit filename="3D/Area.cpp" />
		<Unit filename="3D/Area.hpp" />
		<Unit filename="3D/Grid.cpp" />
		<Unit filename="3D/Grid.hpp" />
		<Unit filename="3D/Pathfinding.cpp" />
		<Unit filename="3D/Pathfinding.hpp" />
		<Unit filename="3D/World.cpp" />
		<Unit filename="3D/World.hpp" />
		<Unit filename="Enum.hpp" />
		<Unit filename="Gate.cpp" />
		<Unit filename="Gate.hpp" />
		<Unit filename="Graph.cpp" />
		<Unit filename="Graph.hpp" />
		<Unit filename="GraphGenerator.cpp" />
		<Unit filename="GraphGenerator.hpp" />
		<Unit filename="Gui/Font.cpp" />
		<Unit filename="Gui/Font.hpp" />
		<Unit filename="Gui/GuiButton.cpp" />
		<Unit filename="Gui/GuiButton.hpp" />
		<Unit filename="Gui/GuiElement.cpp" />
		<Unit filename="Gui/GuiElement.hpp" />
		<Unit filename="Gui/GuiFileWalker.cpp" />
		<Unit filename="Gui/GuiFileWalker.hpp" />
		<Unit filename="Gui/GuiManager.cpp" />
		<Unit filename="Gui/GuiManager.hpp" />
		<Unit filename="IGate.hpp" />
		<Unit filename="IGraph.hpp" />
		<Unit filename="INode.hpp" />
		<Unit filename="Node.cpp" />
		<Unit filename="Node.hpp" />
		<Unit filename="ObstacleChooser.cpp" />
		<Unit filename="ObstacleChooser.hpp" />
		<Unit filename="T3D/BrushActor.cpp" />
		<Unit filename="T3D/BrushActor.hpp" />
		<Unit filename="T3D/IActor.hpp" />
		<Unit filename="T3D/NameFactory.cpp" />
		<Unit filename="T3D/NameFactory.hpp" />
		<Unit filename="T3D/StaticMeshActor.cpp" />
		<Unit filename="T3D/StaticMeshActor.hpp" />
		<Unit filename="T3D/T3DExporter.cpp" />
		<Unit filename="T3D/T3DExporter.hpp" />
		<Unit filename="Utils/Random.cpp" />
		<Unit filename="Utils/Random.hpp" />
		<Unit filename="Utils/Tuple.hpp" />
		<Unit filename="Utils/Vector.cpp" />
		<Unit filename="Utils/Vector.hpp" />
		<Unit filename="Viewer/GateViewer.cpp" />
		<Unit filename="Viewer/GateViewer.hpp" />
		<Unit filename="Viewer/GraphViewer.cpp" />
		<Unit filename="Viewer/GraphViewer.hpp" />
		<Unit filename="Viewer/NodeViewer.cpp" />
		<Unit filename="Viewer/NodeViewer.hpp" />
		<Unit filename="Viewer/Shape.hpp" />
		<Unit filename="main.cpp" />
		<Unit filename="obstacles/ClimbWall.hpp" />
		<Unit filename="obstacles/Crusher.hpp" />
		<Unit filename="obstacles/DeathZone.hpp" />
		<Unit filename="obstacles/Door.hpp" />
		<Unit filename="obstacles/HeightHole.hpp" />
		<Unit filename="obstacles/Hole.hpp" />
		<Unit filename="obstacles/Laser.hpp" />
		<Unit filename="obstacles/MetalGate.hpp" />
		<Unit filename="obstacles/MetalGateDoor.hpp" />
		<Unit filename="obstacles/MovingPlatform.hpp" />
		<Unit filename="obstacles/MovingSidewalk.hpp" />
		<Unit filename="obstacles/SlideObstacle.hpp" />
		<Unit filename="obstacles/Trap.hpp" />
		<Unit filename="obstacles/Turret.hpp" />
		<Unit filename="obstacles/WallJumpZone.hpp" />
		<Unit filename="obstacles/WidthHole.hpp" />
		<Extensions>
			<code_completion />
			<envvars />
			<debugger />
			<lib_finder disable_auto="1" />
		</Extensions>
	</Project>
</CodeBlocks_project_file>
